// !$*UTF8*$!
{
	archiveVersion = 1;
	classes = {
	};
	objectVersion = 77;
	objects = {

/* Begin PBXBuildFile section */
		E7188B6B2F3223AE006B1D01 /* onpu-icon 2.icon in Resources */ = {isa = PBXBuildFile; fileRef = E7188B6A2F3223AE006B1D01 /* onpu-icon 2.icon */; };
		E7F24AA12F16C7AF00455A0C /* kanji-data.json in Resources */ = {isa = PBXBuildFile; fileRef = E7F24AA02F16C7AF00455A0C /* kanji-data.json */; };
/* End PBXBuildFile section */

/* Begin PBXContainerItemProxy section */
		E7F24A7A2F16C7AE00455A0C /* PBXContainerItemProxy */ = {
			isa = PBXContainerItemProxy;
			containerPortal = E7F24A622F16C7AB00455A0C /* Project object */;
			proxyType = 1;
			remoteGlobalIDString = E7F24A692F16C7AB00455A0C;
			remoteInfo = Uta;
		};
		E7F24A842F16C7AE00455A0C /* PBXContainerItemProxy */ = {
			isa = PBXContainerItemProxy;
			containerPortal = E7F24A622F16C7AB00455A0C /* Project object */;
			proxyType = 1;
			remoteGlobalIDString = E7F24A692F16C7AB00455A0C;
			remoteInfo = Uta;
		};
/* End PBXContainerItemProxy section */

/* Begin PBXFileReference section */
		E7188B6A2F3223AE006B1D01 /* onpu-icon 2.icon */ = {isa = PBXFileReference; lastKnownFileType = folder.iconcomposer.icon; path = "onpu-icon 2.icon"; sourceTree = "<group>"; };
		E7F24A6A2F16C7AB00455A0C /* Uta.app */ = {isa = PBXFileReference; explicitFileType = wrapper.application; includeInIndex = 0; path = Uta.app; sourceTree = BUILT_PRODUCTS_DIR; };
		E7F24AA02F16C7AF00455A0C /* kanji-data.json */ = {isa = PBXFileReference; fileEncoding = 4; lastKnownFileType = text.json; name = "kanji-data.json"; path = "Resources/kanji-data.json"; sourceTree = "<group>"; };
		E7F24AB12F16C7AF00455A0C /* App.config */ = {isa = PBXFileReference; fileEncoding = 4; lastKnownFileType = text; name = App.config; path = Uta/App.config; sourceTree = "<group>"; };
/* End PBXFileReference section */

/* Begin PBXFileSystemSynchronizedRootGroup section */
		E7F24A6C2F16C7AB00455A0C /* Uta */ = {
			isa = PBXFileSystemSynchronizedRootGroup;
			path = Uta;
			sourceTree = "<group>";
		};
		E7F24A7C2F16C7AE00455A0C /* UtaTests */ = {
			isa = PBXFileSystemSynchronizedRootGroup;
			path = UtaTests;
			sourceTree = "<group>";
		};
		E7F24A862F16C7AE00455A0C /* UtaUITests */ = {
			isa = PBXFileSystemSynchronizedRootGroup;
			path = UtaUITests;
			sourceTree = "<group>";
		};
/* End PBXFileSystemSynchronizedRootGroup section */

/* Begin PBXFrameworksBuildPhase section */
		E7F24A672F16C7AB00455A0C /* Frameworks */ = {
			isa = PBXFrameworksBuildPhase;
			buildActionMask = 2147483647;
			files = (
			);
			runOnlyForDeploymentPostprocessing = 0;
		};
		E7F24A762F16C7AE00455A0C /* Frameworks */ = {
			isa = PBXFrameworksBuildPhase;
			buildActionMask = 2147483647;
			files = (
			);
			runOnlyForDeploymentPostprocessing = 0;
		};
		E7F24A802F16C7AE00455A0C /* Frameworks */ = {
			isa = PBXFrameworksBuildPhase;
			buildActionMask = 2147483647;
			files = (
			);
			runOnlyForDeploymentPostprocessing = 0;
		};
/* End PBXFrameworksBuildPhase section */

/* Begin PBXGroup section */
		E7F24A612F16C7AB00455A0C = {
			isa = PBXGroup;
			children = (
				E7F24AA02F16C7AF00455A0C /* kanji-data.json */,
				E7F24AB12F16C7AF00455A0C /* App.config */,
				E7F24A6C2F16C7AB00455A0C /* Uta */,
				E7F24A7C2F16C7AE00455A0C /* UtaTests */,
				E7F24A862F16C7AE00455A0C /* UtaUITests */,
				E7F24A6B2F16C7AB00455A0C /* Products */,
				E7188B6A2F3223AE006B1D01 /* onpu-icon 2.icon */,
			);
			sourceTree = "<group>";
		};
		E7F24A6B2F16C7AB00455A0C /* Products */ = {
			isa = PBXGroup;
			children = (
				E7F24A6A2F16C7AB00455A0C /* Uta.app */,
			);
			name = Products;
			sourceTree = "<group>";
		};
/* End PBXGroup section */

/* Begin PBXNativeTarget section */
		E7F24A692F16C7AB00455A0C /* Uta */ = {
			isa = PBXNativeTarget;
			buildConfigurationList = E7F24A8D2F16C7AE00455A0C /* Build configuration list for PBXNativeTarget "Uta" */;
			buildPhases = (
				E7F24A662F16C7AB00455A0C /* Sources */,
				E7F24A672F16C7AB00455A0C /* Frameworks */,
				E7F24A682F16C7AB00455A0C /* Resources */,
			);
			buildRules = (
			);
			dependencies = (
			);
			fileSystemSynchronizedGroups = (
				E7F24A6C2F16C7AB00455A0C /* Uta */,
			);
			name = Uta;
			packageProductDependencies = (
			);
			productName = Uta;
			productReference = E7F24A6A2F16C7AB00455A0C /* Uta.app */;
			productType = "com.apple.product-type.application";
		};
		E7F24A782F16C7AE00455A0C /* UtaTests */ = {
			isa = PBXNativeTarget;
			buildConfigurationList = E7F24A902F16C7AE00455A0C /* Build configuration list for PBXNativeTarget "UtaTests" */;
			buildPhases = (
				E7F24A752F16C7AE00455A0C /* Sources */,
				E7F24A762F16C7AE00455A0C /* Frameworks */,
				E7F24A772F16C7AE00455A0C /* Resources */,
			);
			buildRules = (
			);
			dependencies = (
				E7F24A7B2F16C7AE00455A0C /* PBXTargetDependency */,
			);
			fileSystemSynchronizedGroups = (
				E7F24A7C2F16C7AE00455A0C /* UtaTests */,
			);
			name = UtaTests;
			packageProductDependencies = (
			);
			productName = UtaTests;
			productType = "com.apple.product-type.bundle.unit-test";
		};
		E7F24A822F16C7AE00455A0C /* UtaUITests */ = {
			isa = PBXNativeTarget;
			buildConfigurationList = E7F24A932F16C7AE00455A0C /* Build configuration list for PBXNativeTarget "UtaUITests" */;
			buildPhases = (
				E7F24A7F2F16C7AE00455A0C /* Sources */,
				E7F24A802F16C7AE00455A0C /* Frameworks */,
				E7F24A812F16C7AE00455A0C /* Resources */,
			);
			buildRules = (
			);
			dependencies = (
				E7F24A852F16C7AE00455A0C /* PBXTargetDependency */,
			);
			fileSystemSynchronizedGroups = (
				E7F24A862F16C7AE00455A0C /* UtaUITests */,
			);
			name = UtaUITests;
			packageProductDependencies = (
			);
			productName = UtaUITests;
			productType = "com.apple.product-type.bundle.ui-testing";
		};
/* End PBXNativeTarget section */

/* Begin PBXProject section */
		E7F24A622F16C7AB00455A0C /* Project object */ = {
			isa = PBXProject;
			attributes = {
				BuildIndependentTargetsInParallel = 1;
				LastSwiftUpdateCheck = 2620;
				LastUpgradeCheck = 2620;
				TargetAttributes = {
					E7F24A692F16C7AB00455A0C = {
						CreatedOnToolsVersion = 26.2;
					};
					E7F24A782F16C7AE00455A0C = {
						CreatedOnToolsVersion = 26.2;
						TestTargetID = E7F24A692F16C7AB00455A0C;
					};
					E7F24A822F16C7AE00455A0C = {
						CreatedOnToolsVersion = 26.2;
						TestTargetID = E7F24A692F16C7AB00455A0C;
					};
				};
			};
			buildConfigurationList = E7F24A652F16C7AB00455A0C /* Build configuration list for PBXProject "Uta" */;
			developmentRegion = en;
			hasScannedForEncodings = 0;
			knownRegions = (
				en,
				Base,
			);
			mainGroup = E7F24A612F16C7AB00455A0C;
			minimizedProjectReferenceProxies = 1;
			preferredProjectObjectVersion = 77;
			productRefGroup = E7F24A6B2F16C7AB00455A0C /* Products */;
			projectDirPath = "";
			projectRoot = "";
			targets = (
				E7F24A692F16C7AB00455A0C /* Uta */,
				E7F24A782F16C7AE00455A0C /* UtaTests */,
				E7F24A822F16C7AE00455A0C /* UtaUITests */,
			);
		};
/* End PBXProject section */

/* Begin PBXResourcesBuildPhase section */
		E7F24A682F16C7AB00455A0C /* Resources */ = {
			isa = PBXResourcesBuildPhase;
			buildActionMask = 2147483647;
			files = (
				E7188B6B2F3223AE006B1D01 /* onpu-icon 2.icon in Resources */,
				E7F24AA12F16C7AF00455A0C /* kanji-data.json in Resources */,
			);
			runOnlyForDeploymentPostprocessing = 0;
		};
		E7F24A772F16C7AE00455A0C /* Resources */ = {
			isa = PBXResourcesBuildPhase;
			buildActionMask = 2147483647;
			files = (
			);
			runOnlyForDeploymentPostprocessing = 0;
		};
		E7F24A812F16C7AE00455A0C /* Resources */ = {
			isa = PBXResourcesBuildPhase;
			buildActionMask = 2147483647;
			files = (
			);
			runOnlyForDeploymentPostprocessing = 0;
		};
/* End PBXResourcesBuildPhase section */

/* Begin PBXSourcesBuildPhase section */
		E7F24A662F16C7AB00455A0C /* Sources */ = {
			isa = PBXSourcesBuildPhase;
			buildActionMask = 2147483647;
			files = (
			);
			runOnlyForDeploymentPostprocessing = 0;
		};
		E7F24A752F16C7AE00455A0C /* Sources */ = {
			isa = PBXSourcesBuildPhase;
			buildActionMask = 2147483647;
			files = (
			);
			runOnlyForDeploymentPostprocessing = 0;
		};
		E7F24A7F2F16C7AE00455A0C /* Sources */ = {
			isa = PBXSourcesBuildPhase;
			buildActionMask = 2147483647;
			files = (
			);
			runOnlyForDeploymentPostprocessing = 0;
		};
/* End PBXSourcesBuildPhase section */

/* Begin PBXTargetDependency section */
		E7F24A7B2F16C7AE00455A0C /* PBXTargetDependency */ = {
			isa = PBXTargetDependency;
			target = E7F24A692F16C7AB00455A0C /* Uta */;
			targetProxy = E7F24A7A2F16C7AE00455A0C /* PBXContainerItemProxy */;
		};
		E7F24A852F16C7AE00455A0C /* PBXTargetDependency */ = {
			isa = PBXTargetDependency;
			target = E7F24A692F16C7AB00455A0C /* Uta */;
			targetProxy = E7F24A842F16C7AE00455A0C /* PBXContainerItemProxy */;
		};
/* End PBXTargetDependency section */

/* Begin XCBuildConfiguration section */
		E7F24A8B2F16C7AE00455A0C /* Debug */ = {
			isa = XCBuildConfiguration;
			buildSettings = {
				ALWAYS_SEARCH_USER_PATHS = NO;
				ASSETCATALOG_COMPILER_GENERATE_SWIFT_ASSET_SYMBOL_EXTENSIONS = YES;
				CLANG_ANALYZER_NONNULL = YES;
				CLANG_ANALYZER_NUMBER_OBJECT_CONVERSION = YES_AGGRESSIVE;
				CLANG_CXX_LANGUAGE_STANDARD = "gnu++20";
				CLANG_ENABLE_MODULES = YES;
				CLANG_ENABLE_OBJC_ARC = YES;
				CLANG_ENABLE_OBJC_WEAK = YES;
				CLANG_WARN_BLOCK_CAPTURE_AUTORELEASING = YES;
				CLANG_WARN_BOOL_CONVERSION = YES;
				CLANG_WARN_COMMA = YES;
				CLANG_WARN_CONSTANT_CONVERSION = YES;
				CLANG_WARN_DEPRECATED_OBJC_IMPLEMENTATIONS = YES;
				CLANG_WARN_DIRECT_OBJC_ISA_USAGE = YES_ERROR;
				CLANG_WARN_DOCUMENTATION_COMMENTS = YES;
				CLANG_WARN_EMPTY_BODY = YES;
				CLANG_WARN_ENUM_CONVERSION = YES;
				CLANG_WARN_INFINITE_RECURSION = YES;
				CLANG_WARN_INT_CONVERSION = YES;
				CLANG_WARN_NON_LITERAL_NULL_CONVERSION = YES;
				CLANG_WARN_OBJC_IMPLICIT_RETAIN_SELF = YES;
				CLANG_WARN_OBJC_LITERAL_CONVERSION = YES;
				CLANG_WARN_OBJC_ROOT_CLASS = YES_ERROR;
				CLANG_WARN_QUOTED_INCLUDE_IN_FRAMEWORK_HEADER = YES;
				CLANG_WARN_RANGE_LOOP_ANALYSIS = YES;
				CLANG_WARN_STRICT_PROTOTYPES = YES;
				CLANG_WARN_SUSPICIOUS_MOVE = YES;
				CLANG_WARN_UNGUARDED_AVAILABILITY = YES_AGGRESSIVE;
				CLANG_WARN_UNREACHABLE_CODE = YES;
				CLANG_WARN__DUPLICATE_METHOD_MATCH = YES;
				COPY_PHASE_STRIP = NO;
				DEBUG_INFORMATION_FORMAT = dwarf;
				DEVELOPMENT_TEAM = 34N262QANB;
				ENABLE_STRICT_OBJC_MSGSEND = YES;
				ENABLE_TESTABILITY = YES;
				ENABLE_USER_SCRIPT_SANDBOXING = YES;
				GCC_C_LANGUAGE_STANDARD = gnu17;
				GCC_DYNAMIC_NO_PIC = NO;
				GCC_NO_COMMON_BLOCKS = YES;
				GCC_OPTIMIZATION_LEVEL = 0;
				GCC_PREPROCESSOR_DEFINITIONS = (
					"DEBUG=1",
					"$(inherited)",
				);
				GCC_WARN_64_TO_32_BIT_CONVERSION = YES;
				GCC_WARN_ABOUT_RETURN_TYPE = YES_ERROR;
				GCC_WARN_UNDECLARED_SELECTOR = YES;
				GCC_WARN_UNINITIALIZED_AUTOS = YES_AGGRESSIVE;
				GCC_WARN_UNUSED_FUNCTION = YES;
				GCC_WARN_UNUSED_VARIABLE = YES;
				IPHONEOS_DEPLOYMENT_TARGET = 26.2;
				LOCALIZATION_PREFERS_STRING_CATALOGS = YES;
				MTL_ENABLE_DEBUG_INFO = INCLUDE_SOURCE;
				MTL_FAST_MATH = YES;
				ONLY_ACTIVE_ARCH = YES;
				SDKROOT = iphoneos;
				SWIFT_ACTIVE_COMPILATION_CONDITIONS = "DEBUG $(inherited)";
				SWIFT_OPTIMIZATION_LEVEL = "-Onone";
			};
			name = Debug;
		};
		E7F24A8C2F16C7AE00455A0C /* Release */ = {
			isa = XCBuildConfiguration;
			buildSettings = {
				ALWAYS_SEARCH_USER_PATHS = NO;
				ASSETCATALOG_COMPILER_GENERATE_SWIFT_ASSET_SYMBOL_EXTENSIONS = YES;
				CLANG_ANALYZER_NONNULL = YES;
				CLANG_ANALYZER_NUMBER_OBJECT_CONVERSION = YES_AGGRESSIVE;
				CLANG_CXX_LANGUAGE_STANDARD = "gnu++20";
				CLANG_ENABLE_MODULES = YES;
				CLANG_ENABLE_OBJC_ARC = YES;
				CLANG_ENABLE_OBJC_WEAK = YES;
				CLANG_WARN_BLOCK_CAPTURE_AUTORELEASING = YES;
				CLANG_WARN_BOOL_CONVERSION = YES;
				CLANG_WARN_COMMA = YES;
				CLANG_WARN_CONSTANT_CONVERSION = YES;
				CLANG_WARN_DEPRECATED_OBJC_IMPLEMENTATIONS = YES;
				CLANG_WARN_DIRECT_OBJC_ISA_USAGE = YES_ERROR;
				CLANG_WARN_DOCUMENTATION_COMMENTS = YES;
				CLANG_WARN_EMPTY_BODY = YES;
				CLANG_WARN_ENUM_CONVERSION = YES;
				CLANG_WARN_INFINITE_RECURSION = YES;
				CLANG_WARN_INT_CONVERSION = YES;
				CLANG_WARN_NON_LITERAL_NULL_CONVERSION = YES;
				CLANG_WARN_OBJC_IMPLICIT_RETAIN_SELF = YES;
				CLANG_WARN_OBJC_LITERAL_CONVERSION = YES;
				CLANG_WARN_OBJC_ROOT_CLASS = YES_ERROR;
				CLANG_WARN_QUOTED_INCLUDE_IN_FRAMEWORK_HEADER = YES;
				CLANG_WARN_RANGE_LOOP_ANALYSIS = YES;
				CLANG_WARN_STRICT_PROTOTYPES = YES;
				CLANG_WARN_SUSPICIOUS_MOVE = YES;
				CLANG_WARN_UNGUARDED_AVAILABILITY = YES_AGGRESSIVE;
				CLANG_WARN_UNREACHABLE_CODE = YES;
				CLANG_WARN__DUPLICATE_METHOD_MATCH = YES;
				COPY_PHASE_STRIP = NO;
				DEBUG_INFORMATION_FORMAT = "dwarf-with-dsym";
				DEVELOPMENT_TEAM = 34N262QANB;
				ENABLE_NS_ASSERTIONS = NO;
				ENABLE_STRICT_OBJC_MSGSEND = YES;
				ENABLE_USER_SCRIPT_SANDBOXING = YES;
				GCC_C_LANGUAGE_STANDARD = gnu17;
				GCC_NO_COMMON_BLOCKS = YES;
				GCC_WARN_64_TO_32_BIT_CONVERSION = YES;
				GCC_WARN_ABOUT_RETURN_TYPE = YES_ERROR;
				GCC_WARN_UNDECLARED_SELECTOR = YES;
				GCC_WARN_UNINITIALIZED_AUTOS = YES_AGGRESSIVE;
				GCC_WARN_UNUSED_FUNCTION = YES;
				GCC_WARN_UNUSED_VARIABLE = YES;
				IPHONEOS_DEPLOYMENT_TARGET = 26.2;
				LOCALIZATION_PREFERS_STRING_CATALOGS = YES;
				MTL_ENABLE_DEBUG_INFO = NO;
				MTL_FAST_MATH = YES;
				SDKROOT = iphoneos;
				SWIFT_COMPILATION_MODE = wholemodule;
				VALIDATE_PRODUCT = YES;
			};
			name = Release;
		};
		E7F24A8E2F16C7AE00455A0C /* Debug */ = {
			isa = XCBuildConfiguration;
			buildSettings = {
				ASSETCATALOG_COMPILER_APPICON_NAME = AppIcon;
				ASSETCATALOG_COMPILER_GLOBAL_ACCENT_COLOR_NAME = AccentColor;
				ASSETCATALOG_COMPILER_INCLUDE_ALL_APPICON_ASSETS = YES;
				CODE_SIGN_ENTITLEMENTS = Uta/Uta.entitlements;
				CODE_SIGN_STYLE = Automatic;
				CURRENT_PROJECT_VERSION = 1;
				DEVELOPMENT_TEAM = 34N262QANB;
				ENABLE_PREVIEWS = YES;
				GENERATE_INFOPLIST_FILE = YES;
				INFOPLIST_KEY_UIApplicationSceneManifest_Generation = YES;
				INFOPLIST_KEY_UIApplicationSupportsIndirectInputEvents = YES;
				INFOPLIST_KEY_UILaunchScreen_Generation = YES;
				INFOPLIST_KEY_UISupportedInterfaceOrientations_iPad = "UIInterfaceOrientationPortrait UIInterfaceOrientationPortraitUpsideDown UIInterfaceOrientationLandscapeLeft UIInterfaceOrientationLandscapeRight";
				INFOPLIST_KEY_UISupportedInterfaceOrientations_iPhone = "UIInterfaceOrientationPortrait UIInterfaceOrientationLandscapeLeft UIInterfaceOrientationLandscapeRight";
				LD_RUNPATH_SEARCH_PATHS = (
					"$(inherited)",
					"@executable_path/Frameworks",
				);
				MARKETING_VERSION = 1.0;
				PRODUCT_BUNDLE_IDENTIFIER = me.kyzcwezsabuk.Uta;
				PRODUCT_NAME = "$(TARGET_NAME)";
				STRING_CATALOG_GENERATE_SYMBOLS = YES;
				SWIFT_APPROACHABLE_CONCURRENCY = YES;
				SWIFT_DEFAULT_ACTOR_ISOLATION = MainActor;
				SWIFT_EMIT_LOC_STRINGS = YES;
				SWIFT_UPCOMING_FEATURE_MEMBER_IMPORT_VISIBILITY = YES;
				SWIFT_VERSION = 5.0;
				TARGETED_DEVICE_FAMILY = "1,2";
			};
			name = Debug;
		};
		E7F24A8F2F16C7AE00455A0C /* Release */ = {
			isa = XCBuildConfiguration;
			buildSettings = {
				ASSETCATALOG_COMPILER_APPICON_NAME = AppIcon;
				ASSETCATALOG_COMPILER_GLOBAL_ACCENT_COLOR_NAME = AccentColor;
				ASSETCATALOG_COMPILER_INCLUDE_ALL_APPICON_ASSETS = YES;
				CODE_SIGN_ENTITLEMENTS = Uta/Uta.entitlements;
				CODE_SIGN_STYLE = Automatic;
				CURRENT_PROJECT_VERSION = 1;
				DEVELOPMENT_TEAM = 34N262QANB;
				ENABLE_PREVIEWS = YES;
				GENERATE_INFOPLIST_FILE = YES;
				INFOPLIST_KEY_UIApplicationSceneManifest_Generation = YES;
				INFOPLIST_KEY_UIApplicationSupportsIndirectInputEvents = YES;
				INFOPLIST_KEY_UILaunchScreen_Generation = YES;
				INFOPLIST_KEY_UISupportedInterfaceOrientations_iPad = "UIInterfaceOrientationPortrait UIInterfaceOrientationPortraitUpsideDown UIInterfaceOrientationLandscapeLeft UIInterfaceOrientationLandscapeRight";
				INFOPLIST_KEY_UISupportedInterfaceOrientations_iPhone = "UIInterfaceOrientationPortrait UIInterfaceOrientationLandscapeLeft UIInterfaceOrientationLandscapeRight";
				LD_RUNPATH_SEARCH_PATHS = (
					"$(inherited)",
					"@executable_path/Frameworks",
				);
				MARKETING_VERSION = 1.0;
				PRODUCT_BUNDLE_IDENTIFIER = me.kyzcwezsabuk.Uta;
				PRODUCT_NAME = "$(TARGET_NAME)";
				STRING_CATALOG_GENERATE_SYMBOLS = YES;
				SWIFT_APPROACHABLE_CONCURRENCY = YES;
				SWIFT_DEFAULT_ACTOR_ISOLATION = MainActor;
				SWIFT_EMIT_LOC_STRINGS = YES;
				SWIFT_UPCOMING_FEATURE_MEMBER_IMPORT_VISIBILITY = YES;
				SWIFT_VERSION = 5.0;
				TARGETED_DEVICE_FAMILY = "1,2";
			};
			name = Release;
		};
		E7F24A912F16C7AE00455A0C /* Debug */ = {
			isa = XCBuildConfiguration;
			buildSettings = {
				BUNDLE_LOADER = "$(TEST_HOST)";
				CODE_SIGN_STYLE = Automatic;
				CURRENT_PROJECT_VERSION = 1;
				DEVELOPMENT_TEAM = 34N262QANB;
				GENERATE_INFOPLIST_FILE = YES;
				IPHONEOS_DEPLOYMENT_TARGET = 26.2;
				MARKETING_VERSION = 1.0;
				PRODUCT_BUNDLE_IDENTIFIER = me.kyzcwezsabuk.UtaTests;
				PRODUCT_NAME = "$(TARGET_NAME)";
				STRING_CATALOG_GENERATE_SYMBOLS = NO;
				SWIFT_APPROACHABLE_CONCURRENCY = YES;
				SWIFT_EMIT_LOC_STRINGS = NO;
				SWIFT_UPCOMING_FEATURE_MEMBER_IMPORT_VISIBILITY = YES;
				SWIFT_VERSION = 5.0;
				TARGETED_DEVICE_FAMILY = "1,2";
				TEST_HOST = "$(BUILT_PRODUCTS_DIR)/Uta.app/$(BUNDLE_EXECUTABLE_FOLDER_PATH)/Uta";
			};
			name = Debug;
		};
		E7F24A922F16C7AE00455A0C /* Release */ = {
			isa = XCBuildConfiguration;
			buildSettings = {
				BUNDLE_LOADER = "$(TEST_HOST)";
				CODE_SIGN_STYLE = Automatic;
				CURRENT_PROJECT_VERSION = 1;
				DEVELOPMENT_TEAM = 34N262QANB;
				GENERATE_INFOPLIST_FILE = YES;
				IPHONEOS_DEPLOYMENT_TARGET = 26.2;
				MARKETING_VERSION = 1.0;
				PRODUCT_BUNDLE_IDENTIFIER = me.kyzcwezsabuk.UtaTests;
				PRODUCT_NAME = "$(TARGET_NAME)";
				STRING_CATALOG_GENERATE_SYMBOLS = NO;
				SWIFT_APPROACHABLE_CONCURRENCY = YES;
				SWIFT_EMIT_LOC_STRINGS = NO;
				SWIFT_UPCOMING_FEATURE_MEMBER_IMPORT_VISIBILITY = YES;
				SWIFT_VERSION = 5.0;
				TARGETED_DEVICE_FAMILY = "1,2";
				TEST_HOST = "$(BUILT_PRODUCTS_DIR)/Uta.app/$(BUNDLE_EXECUTABLE_FOLDER_PATH)/Uta";
			};
			name = Release;
		};
		E7F24A942F16C7AE00455A0C /* Debug */ = {
			isa = XCBuildConfiguration;
			buildSettings = {
				CODE_SIGN_STYLE = Automatic;
				CURRENT_PROJECT_VERSION = 1;
				DEVELOPMENT_TEAM = 34N262QANB;
				GENERATE_INFOPLIST_FILE = YES;
				MARKETING_VERSION = 1.0;
				PRODUCT_BUNDLE_IDENTIFIER = me.kyzcwezsabuk.UtaUITests;
				PRODUCT_NAME = "$(TARGET_NAME)";
				STRING_CATALOG_GENERATE_SYMBOLS = NO;
				SWIFT_APPROACHABLE_CONCURRENCY = YES;
				SWIFT_EMIT_LOC_STRINGS = NO;
				SWIFT_UPCOMING_FEATURE_MEMBER_IMPORT_VISIBILITY = YES;
				SWIFT_VERSION = 5.0;
				TARGETED_DEVICE_FAMILY = "1,2";
				TEST_TARGET_NAME = Uta;
			};
			name = Debug;
		};
		E7F24A952F16C7AE00455A0C /* Release */ = {
			isa = XCBuildConfiguration;
			buildSettings = {
				CODE_SIGN_STYLE = Automatic;
				CURRENT_PROJECT_VERSION = 1;
				DEVELOPMENT_TEAM = 34N262QANB;
				GENERATE_INFOPLIST_FILE = YES;
				MARKETING_VERSION = 1.0;
				PRODUCT_BUNDLE_IDENTIFIER = me.kyzcwezsabuk.UtaUITests;
				PRODUCT_NAME = "$(TARGET_NAME)";
				STRING_CATALOG_GENERATE_SYMBOLS = NO;
				SWIFT_APPROACHABLE_CONCURRENCY = YES;
				SWIFT_EMIT_LOC_STRINGS = NO;
				SWIFT_UPCOMING_FEATURE_MEMBER_IMPORT_VISIBILITY = YES;
				SWIFT_VERSION = 5.0;
				TARGETED_DEVICE_FAMILY = "1,2";
				TEST_TARGET_NAME = Uta;
			};
			name = Release;
		};
/* End XCBuildConfiguration section */

/* Begin XCConfigurationList section */
		E7F24A652F16C7AB00455A0C /* Build configuration list for PBXProject "Uta" */ = {
			isa = XCConfigurationList;
			buildConfigurations = (
				E7F24A8B2F16C7AE00455A0C /* Debug */,
				E7F24A8C2F16C7AE00455A0C /* Release */,
			);
			defaultConfigurationIsVisible = 0;
			defaultConfigurationName = Release;
		};
		E7F24A8D2F16C7AE00455A0C /* Build configuration list for PBXNativeTarget "Uta" */ = {
			isa = XCConfigurationList;
			buildConfigurations = (
				E7F24A8E2F16C7AE00455A0C /* Debug */,
				E7F24A8F2F16C7AE00455A0C /* Release */,
			);
			defaultConfigurationIsVisible = 0;
			defaultConfigurationName = Release;
		};
		E7F24A902F16C7AE00455A0C /* Build configuration list for PBXNativeTarget "UtaTests" */ = {
			isa = XCConfigurationList;
			buildConfigurations = (
				E7F24A912F16C7AE00455A0C /* Debug */,
				E7F24A922F16C7AE00455A0C /* Release */,
			);
			defaultConfigurationIsVisible = 0;
			defaultConfigurationName = Release;
		};
		E7F24A932F16C7AE00455A0C /* Build configuration list for PBXNativeTarget "UtaUITests" */ = {
			isa = XCConfigurationList;
			buildConfigurations = (
				E7F24A942F16C7AE00455A0C /* Debug */,
				E7F24A952F16C7AE00455A0C /* Release */,
			);
			defaultConfigurationIsVisible = 0;
			defaultConfigurationName = Release;
		};
/* End XCConfigurationList section */
	};
	rootObject = E7F24A622F16C7AB00455A0C /* Project object */;
}
